# This file is automatically @generated by Wally.
# It is not intended for manual editing.
registry = "test"

[[package]]
name = "andrewtdiz/component"
version = "0.1.2"
dependencies = []

[[package]]
name = "andrewtdiz/weave"
version = "0.1.9"
dependencies = []

[[package]]
name = "dipdoozy/luau-starter"
version = "0.1.0"
dependencies = [["Weave", "andrewtdiz/weave@0.1.9"], ["component", "andrewtdiz/component@0.1.2"]]
